
Microsoft Visual Studio Solution File, Format Version 12.00
# Visual Studio Version 17
VisualStudioVersion = 17.7.34018.315
MinimumVisualStudioVersion = 10.0.40219.1
Project("{8BC9CEB8-8B4A-11D0-8D11-00A0C91BC942}") = "2024.3.3", "2024.3.3\2024.3.3.vcxproj", "{D95A2CC8-C14C-4B2D-A19F-30A6420E0153}"
EndProject
Global
	GlobalSection(SolutionConfigurationPlatforms) = preSolution
		Debug|x64 = Debug|x64
		Debug|x86 = Debug|x86
		Release|x64 = Release|x64
		Release|x86 = Release|x86
	EndGlobalSection
	GlobalSection(ProjectConfigurationPlatforms) = postSolution
		{D95A2CC8-C14C-4B2D-A19F-30A6420E0153}.Debug|x64.ActiveCfg = Debug|x64
		{D95A2CC8-C14C-4B2D-A19F-30A6420E0153}.Debug|x64.Build.0 = Debug|x64
		{D95A2CC8-C14C-4B2D-A19F-30A6420E0153}.Debug|x86.ActiveCfg = Debug|Win32
		{D95A2CC8-C14C-4B2D-A19F-30A6420E0153}.Debug|x86.Build.0 = Debug|Win32
		{D95A2CC8-C14C-4B2D-A19F-30A6420E0153}.Release|x64.ActiveCfg = Release|x64
		{D95A2CC8-C14C-4B2D-A19F-30A6420E0153}.Release|x64.Build.0 = Release|x64
		{D95A2CC8-C14C-4B2D-A19F-30A6420E0153}.Release|x86.ActiveCfg = Release|Win32
		{D95A2CC8-C14C-4B2D-A19F-30A6420E0153}.Release|x86.Build.0 = Release|Win32
	EndGlobalSection
	GlobalSection(SolutionProperties) = preSolution
		HideSolutionNode = FALSE
	EndGlobalSection
	GlobalSection(ExtensibilityGlobals) = postSolution
		SolutionGuid = {B93B4276-EE70-42AF-9A45-7BC6E3A56BE0}
	EndGlobalSection
EndGlobal
