
Microsoft Visual Studio Solution File, Format Version 12.00
# Visual Studio Version 17
VisualStudioVersion = 17.7.34018.315
MinimumVisualStudioVersion = 10.0.40219.1
Project("{8BC9CEB8-8B4A-11D0-8D11-00A0C91BC942}") = "2024.2.10", "2024.2.10\2024.2.10.vcxproj", "{8CB1D66B-99BF-4C2C-9D79-82BC230BAED8}"
EndProject
Global
	GlobalSection(SolutionConfigurationPlatforms) = preSolution
		Debug|x64 = Debug|x64
		Debug|x86 = Debug|x86
		Release|x64 = Release|x64
		Release|x86 = Release|x86
	EndGlobalSection
	GlobalSection(ProjectConfigurationPlatforms) = postSolution
		{8CB1D66B-99BF-4C2C-9D79-82BC230BAED8}.Debug|x64.ActiveCfg = Debug|x64
		{8CB1D66B-99BF-4C2C-9D79-82BC230BAED8}.Debug|x64.Build.0 = Debug|x64
		{8CB1D66B-99BF-4C2C-9D79-82BC230BAED8}.Debug|x86.ActiveCfg = Debug|Win32
		{8CB1D66B-99BF-4C2C-9D79-82BC230BAED8}.Debug|x86.Build.0 = Debug|Win32
		{8CB1D66B-99BF-4C2C-9D79-82BC230BAED8}.Release|x64.ActiveCfg = Release|x64
		{8CB1D66B-99BF-4C2C-9D79-82BC230BAED8}.Release|x64.Build.0 = Release|x64
		{8CB1D66B-99BF-4C2C-9D79-82BC230BAED8}.Release|x86.ActiveCfg = Release|Win32
		{8CB1D66B-99BF-4C2C-9D79-82BC230BAED8}.Release|x86.Build.0 = Release|Win32
	EndGlobalSection
	GlobalSection(SolutionProperties) = preSolution
		HideSolutionNode = FALSE
	EndGlobalSection
	GlobalSection(ExtensibilityGlobals) = postSolution
		SolutionGuid = {27D4859D-0AFB-4A27-BF2D-F459D313B8C6}
	EndGlobalSection
EndGlobal
